
Microsoft Visual Studio Solution File, Format Version 12.00
# Visual Studio 15
VisualStudioVersion = 15.0.27428.2005
MinimumVisualStudioVersion = 10.0.40219.1
Project("{FAE04EC0-301F-11D3-BF4B-00C04F79EFBC}") = "GriB.General.App", "Grib.General.App\GriB.General.App.csproj", "{16AE6A31-1305-4616-AB34-77A49434BD3A}"
EndProject
Project("{FAE04EC0-301F-11D3-BF4B-00C04F79EFBC}") = "GriB.Client.App", "GriB.Client.App\GriB.Client.App.csproj", "{FEB2915B-E068-44E9-8F4F-1FD12C954C2D}"
EndProject
Project("{FAE04EC0-301F-11D3-BF4B-00C04F79EFBC}") = "GriB.Common", "GriB.Common\GriB.Common.csproj", "{D1EC7A16-5393-4584-B7ED-EDDBAED18D59}"
EndProject
Project("{FAE04EC0-301F-11D3-BF4B-00C04F79EFBC}") = "Grib.Console.Test", "Grib.Console.Test\Grib.Console.Test.csproj", "{CC79EACE-6F42-4799-9688-CC0295937CCD}"
EndProject
Project("{FAE04EC0-301F-11D3-BF4B-00C04F79EFBC}") = "GriB.App.Windows", "Grib.App.Windows\GriB.App.Windows.csproj", "{0017DA3B-5278-4503-9A40-36B6C1D46BAE}"
EndProject
Project("{FAE04EC0-301F-11D3-BF4B-00C04F79EFBC}") = "GriB.Common.Net", "GriB.Common.Net\GriB.Common.Net.csproj", "{1B0DD097-7819-4DD1-8390-D5E2E4065576}"
EndProject
Project("{FAE04EC0-301F-11D3-BF4B-00C04F79EFBC}") = "GriB.PrintServer.Windows", "GriB.PrintServer.Windows\GriB.PrintServer.Windows.csproj", "{C9967459-98B5-4D86-842A-F72D490B21F6}"
EndProject
Project("{930C7802-8A8C-48F9-8165-68863BCCD9DD}") = "GriB.PrintServer.Windows.Setup", "GriB.PrintServer.Windows.Setup\GriB.PrintServer.Windows.Setup.wixproj", "{0FA0F504-683B-4A01-8B84-E5CFD22773D0}"
EndProject
Global
	GlobalSection(SolutionConfigurationPlatforms) = preSolution
		Debug|Any CPU = Debug|Any CPU
		Debug|x64 = Debug|x64
		Debug|x86 = Debug|x86
		Publish|Any CPU = Publish|Any CPU
		Publish|x64 = Publish|x64
		Publish|x86 = Publish|x86
		Release|Any CPU = Release|Any CPU
		Release|x64 = Release|x64
		Release|x86 = Release|x86
	EndGlobalSection
	GlobalSection(ProjectConfigurationPlatforms) = postSolution
		{16AE6A31-1305-4616-AB34-77A49434BD3A}.Debug|Any CPU.ActiveCfg = Debug|Any CPU
		{16AE6A31-1305-4616-AB34-77A49434BD3A}.Debug|Any CPU.Build.0 = Debug|Any CPU
		{16AE6A31-1305-4616-AB34-77A49434BD3A}.Debug|x64.ActiveCfg = Debug|x64
		{16AE6A31-1305-4616-AB34-77A49434BD3A}.Debug|x64.Build.0 = Debug|x64
		{16AE6A31-1305-4616-AB34-77A49434BD3A}.Debug|x86.ActiveCfg = Debug|Any CPU
		{16AE6A31-1305-4616-AB34-77A49434BD3A}.Debug|x86.Build.0 = Debug|Any CPU
		{16AE6A31-1305-4616-AB34-77A49434BD3A}.Publish|Any CPU.ActiveCfg = Publish|Any CPU
		{16AE6A31-1305-4616-AB34-77A49434BD3A}.Publish|Any CPU.Build.0 = Publish|Any CPU
		{16AE6A31-1305-4616-AB34-77A49434BD3A}.Publish|x64.ActiveCfg = Publish|x64
		{16AE6A31-1305-4616-AB34-77A49434BD3A}.Publish|x64.Build.0 = Publish|x64
		{16AE6A31-1305-4616-AB34-77A49434BD3A}.Publish|x86.ActiveCfg = Publish|Any CPU
		{16AE6A31-1305-4616-AB34-77A49434BD3A}.Publish|x86.Build.0 = Publish|Any CPU
		{16AE6A31-1305-4616-AB34-77A49434BD3A}.Release|Any CPU.ActiveCfg = Release|Any CPU
		{16AE6A31-1305-4616-AB34-77A49434BD3A}.Release|Any CPU.Build.0 = Release|Any CPU
		{16AE6A31-1305-4616-AB34-77A49434BD3A}.Release|x64.ActiveCfg = Release|x64
		{16AE6A31-1305-4616-AB34-77A49434BD3A}.Release|x64.Build.0 = Release|x64
		{16AE6A31-1305-4616-AB34-77A49434BD3A}.Release|x86.ActiveCfg = Release|Any CPU
		{16AE6A31-1305-4616-AB34-77A49434BD3A}.Release|x86.Build.0 = Release|Any CPU
		{FEB2915B-E068-44E9-8F4F-1FD12C954C2D}.Debug|Any CPU.ActiveCfg = Debug|Any CPU
		{FEB2915B-E068-44E9-8F4F-1FD12C954C2D}.Debug|Any CPU.Build.0 = Debug|Any CPU
		{FEB2915B-E068-44E9-8F4F-1FD12C954C2D}.Debug|x64.ActiveCfg = Debug|x64
		{FEB2915B-E068-44E9-8F4F-1FD12C954C2D}.Debug|x64.Build.0 = Debug|x64
		{FEB2915B-E068-44E9-8F4F-1FD12C954C2D}.Debug|x86.ActiveCfg = Debug|Any CPU
		{FEB2915B-E068-44E9-8F4F-1FD12C954C2D}.Debug|x86.Build.0 = Debug|Any CPU
		{FEB2915B-E068-44E9-8F4F-1FD12C954C2D}.Publish|Any CPU.ActiveCfg = Release|Any CPU
		{FEB2915B-E068-44E9-8F4F-1FD12C954C2D}.Publish|Any CPU.Build.0 = Release|Any CPU
		{FEB2915B-E068-44E9-8F4F-1FD12C954C2D}.Publish|x64.ActiveCfg = Release|x64
		{FEB2915B-E068-44E9-8F4F-1FD12C954C2D}.Publish|x64.Build.0 = Release|x64
		{FEB2915B-E068-44E9-8F4F-1FD12C954C2D}.Publish|x86.ActiveCfg = Release|Any CPU
		{FEB2915B-E068-44E9-8F4F-1FD12C954C2D}.Publish|x86.Build.0 = Release|Any CPU
		{FEB2915B-E068-44E9-8F4F-1FD12C954C2D}.Release|Any CPU.ActiveCfg = Release|Any CPU
		{FEB2915B-E068-44E9-8F4F-1FD12C954C2D}.Release|Any CPU.Build.0 = Release|Any CPU
		{FEB2915B-E068-44E9-8F4F-1FD12C954C2D}.Release|x64.ActiveCfg = Release|x64
		{FEB2915B-E068-44E9-8F4F-1FD12C954C2D}.Release|x64.Build.0 = Release|x64
		{FEB2915B-E068-44E9-8F4F-1FD12C954C2D}.Release|x86.ActiveCfg = Release|Any CPU
		{FEB2915B-E068-44E9-8F4F-1FD12C954C2D}.Release|x86.Build.0 = Release|Any CPU
		{D1EC7A16-5393-4584-B7ED-EDDBAED18D59}.Debug|Any CPU.ActiveCfg = Debug|Any CPU
		{D1EC7A16-5393-4584-B7ED-EDDBAED18D59}.Debug|Any CPU.Build.0 = Debug|Any CPU
		{D1EC7A16-5393-4584-B7ED-EDDBAED18D59}.Debug|x64.ActiveCfg = Debug|x64
		{D1EC7A16-5393-4584-B7ED-EDDBAED18D59}.Debug|x64.Build.0 = Debug|x64
		{D1EC7A16-5393-4584-B7ED-EDDBAED18D59}.Debug|x86.ActiveCfg = Debug|Any CPU
		{D1EC7A16-5393-4584-B7ED-EDDBAED18D59}.Debug|x86.Build.0 = Debug|Any CPU
		{D1EC7A16-5393-4584-B7ED-EDDBAED18D59}.Publish|Any CPU.ActiveCfg = Publish|Any CPU
		{D1EC7A16-5393-4584-B7ED-EDDBAED18D59}.Publish|Any CPU.Build.0 = Publish|Any CPU
		{D1EC7A16-5393-4584-B7ED-EDDBAED18D59}.Publish|x64.ActiveCfg = Publish|x64
		{D1EC7A16-5393-4584-B7ED-EDDBAED18D59}.Publish|x64.Build.0 = Publish|x64
		{D1EC7A16-5393-4584-B7ED-EDDBAED18D59}.Publish|x86.ActiveCfg = Publish|Any CPU
		{D1EC7A16-5393-4584-B7ED-EDDBAED18D59}.Publish|x86.Build.0 = Publish|Any CPU
		{D1EC7A16-5393-4584-B7ED-EDDBAED18D59}.Release|Any CPU.ActiveCfg = Release|Any CPU
		{D1EC7A16-5393-4584-B7ED-EDDBAED18D59}.Release|Any CPU.Build.0 = Release|Any CPU
		{D1EC7A16-5393-4584-B7ED-EDDBAED18D59}.Release|x64.ActiveCfg = Release|x64
		{D1EC7A16-5393-4584-B7ED-EDDBAED18D59}.Release|x64.Build.0 = Release|x64
		{D1EC7A16-5393-4584-B7ED-EDDBAED18D59}.Release|x86.ActiveCfg = Release|Any CPU
		{D1EC7A16-5393-4584-B7ED-EDDBAED18D59}.Release|x86.Build.0 = Release|Any CPU
		{CC79EACE-6F42-4799-9688-CC0295937CCD}.Debug|Any CPU.ActiveCfg = Debug|Any CPU
		{CC79EACE-6F42-4799-9688-CC0295937CCD}.Debug|Any CPU.Build.0 = Debug|Any CPU
		{CC79EACE-6F42-4799-9688-CC0295937CCD}.Debug|x64.ActiveCfg = Debug|x64
		{CC79EACE-6F42-4799-9688-CC0295937CCD}.Debug|x64.Build.0 = Debug|x64
		{CC79EACE-6F42-4799-9688-CC0295937CCD}.Debug|x86.ActiveCfg = Debug|Any CPU
		{CC79EACE-6F42-4799-9688-CC0295937CCD}.Debug|x86.Build.0 = Debug|Any CPU
		{CC79EACE-6F42-4799-9688-CC0295937CCD}.Publish|Any CPU.ActiveCfg = Publish|Any CPU
		{CC79EACE-6F42-4799-9688-CC0295937CCD}.Publish|Any CPU.Build.0 = Publish|Any CPU
		{CC79EACE-6F42-4799-9688-CC0295937CCD}.Publish|x64.ActiveCfg = Publish|x64
		{CC79EACE-6F42-4799-9688-CC0295937CCD}.Publish|x64.Build.0 = Publish|x64
		{CC79EACE-6F42-4799-9688-CC0295937CCD}.Publish|x86.ActiveCfg = Publish|Any CPU
		{CC79EACE-6F42-4799-9688-CC0295937CCD}.Publish|x86.Build.0 = Publish|Any CPU
		{CC79EACE-6F42-4799-9688-CC0295937CCD}.Release|Any CPU.ActiveCfg = Release|Any CPU
		{CC79EACE-6F42-4799-9688-CC0295937CCD}.Release|Any CPU.Build.0 = Release|Any CPU
		{CC79EACE-6F42-4799-9688-CC0295937CCD}.Release|x64.ActiveCfg = Release|x64
		{CC79EACE-6F42-4799-9688-CC0295937CCD}.Release|x64.Build.0 = Release|x64
		{CC79EACE-6F42-4799-9688-CC0295937CCD}.Release|x86.ActiveCfg = Release|Any CPU
		{CC79EACE-6F42-4799-9688-CC0295937CCD}.Release|x86.Build.0 = Release|Any CPU
		{0017DA3B-5278-4503-9A40-36B6C1D46BAE}.Debug|Any CPU.ActiveCfg = Debug|Any CPU
		{0017DA3B-5278-4503-9A40-36B6C1D46BAE}.Debug|Any CPU.Build.0 = Debug|Any CPU
		{0017DA3B-5278-4503-9A40-36B6C1D46BAE}.Debug|x64.ActiveCfg = Debug|x64
		{0017DA3B-5278-4503-9A40-36B6C1D46BAE}.Debug|x64.Build.0 = Debug|x64
		{0017DA3B-5278-4503-9A40-36B6C1D46BAE}.Debug|x86.ActiveCfg = Debug|x86
		{0017DA3B-5278-4503-9A40-36B6C1D46BAE}.Debug|x86.Build.0 = Debug|x86
		{0017DA3B-5278-4503-9A40-36B6C1D46BAE}.Publish|Any CPU.ActiveCfg = Release|Any CPU
		{0017DA3B-5278-4503-9A40-36B6C1D46BAE}.Publish|Any CPU.Build.0 = Release|Any CPU
		{0017DA3B-5278-4503-9A40-36B6C1D46BAE}.Publish|x64.ActiveCfg = Release|Any CPU
		{0017DA3B-5278-4503-9A40-36B6C1D46BAE}.Publish|x64.Build.0 = Release|Any CPU
		{0017DA3B-5278-4503-9A40-36B6C1D46BAE}.Publish|x86.ActiveCfg = Release|x86
		{0017DA3B-5278-4503-9A40-36B6C1D46BAE}.Publish|x86.Build.0 = Release|x86
		{0017DA3B-5278-4503-9A40-36B6C1D46BAE}.Release|Any CPU.ActiveCfg = Release|Any CPU
		{0017DA3B-5278-4503-9A40-36B6C1D46BAE}.Release|Any CPU.Build.0 = Release|Any CPU
		{0017DA3B-5278-4503-9A40-36B6C1D46BAE}.Release|x64.ActiveCfg = Release|Any CPU
		{0017DA3B-5278-4503-9A40-36B6C1D46BAE}.Release|x64.Build.0 = Release|Any CPU
		{0017DA3B-5278-4503-9A40-36B6C1D46BAE}.Release|x86.ActiveCfg = Release|x86
		{0017DA3B-5278-4503-9A40-36B6C1D46BAE}.Release|x86.Build.0 = Release|x86
		{1B0DD097-7819-4DD1-8390-D5E2E4065576}.Debug|Any CPU.ActiveCfg = Debug|Any CPU
		{1B0DD097-7819-4DD1-8390-D5E2E4065576}.Debug|Any CPU.Build.0 = Debug|Any CPU
		{1B0DD097-7819-4DD1-8390-D5E2E4065576}.Debug|x64.ActiveCfg = Debug|Any CPU
		{1B0DD097-7819-4DD1-8390-D5E2E4065576}.Debug|x64.Build.0 = Debug|Any CPU
		{1B0DD097-7819-4DD1-8390-D5E2E4065576}.Debug|x86.ActiveCfg = Debug|Any CPU
		{1B0DD097-7819-4DD1-8390-D5E2E4065576}.Debug|x86.Build.0 = Debug|Any CPU
		{1B0DD097-7819-4DD1-8390-D5E2E4065576}.Publish|Any CPU.ActiveCfg = Release|Any CPU
		{1B0DD097-7819-4DD1-8390-D5E2E4065576}.Publish|Any CPU.Build.0 = Release|Any CPU
		{1B0DD097-7819-4DD1-8390-D5E2E4065576}.Publish|x64.ActiveCfg = Release|Any CPU
		{1B0DD097-7819-4DD1-8390-D5E2E4065576}.Publish|x64.Build.0 = Release|Any CPU
		{1B0DD097-7819-4DD1-8390-D5E2E4065576}.Publish|x86.ActiveCfg = Release|Any CPU
		{1B0DD097-7819-4DD1-8390-D5E2E4065576}.Publish|x86.Build.0 = Release|Any CPU
		{1B0DD097-7819-4DD1-8390-D5E2E4065576}.Release|Any CPU.ActiveCfg = Release|Any CPU
		{1B0DD097-7819-4DD1-8390-D5E2E4065576}.Release|Any CPU.Build.0 = Release|Any CPU
		{1B0DD097-7819-4DD1-8390-D5E2E4065576}.Release|x64.ActiveCfg = Release|Any CPU
		{1B0DD097-7819-4DD1-8390-D5E2E4065576}.Release|x64.Build.0 = Release|Any CPU
		{1B0DD097-7819-4DD1-8390-D5E2E4065576}.Release|x86.ActiveCfg = Release|Any CPU
		{1B0DD097-7819-4DD1-8390-D5E2E4065576}.Release|x86.Build.0 = Release|Any CPU
		{C9967459-98B5-4D86-842A-F72D490B21F6}.Debug|Any CPU.ActiveCfg = Debug|Any CPU
		{C9967459-98B5-4D86-842A-F72D490B21F6}.Debug|Any CPU.Build.0 = Debug|Any CPU
		{C9967459-98B5-4D86-842A-F72D490B21F6}.Debug|x64.ActiveCfg = Debug|Any CPU
		{C9967459-98B5-4D86-842A-F72D490B21F6}.Debug|x64.Build.0 = Debug|Any CPU
		{C9967459-98B5-4D86-842A-F72D490B21F6}.Debug|x86.ActiveCfg = Debug|Any CPU
		{C9967459-98B5-4D86-842A-F72D490B21F6}.Debug|x86.Build.0 = Debug|Any CPU
		{C9967459-98B5-4D86-842A-F72D490B21F6}.Publish|Any CPU.ActiveCfg = Release|Any CPU
		{C9967459-98B5-4D86-842A-F72D490B21F6}.Publish|Any CPU.Build.0 = Release|Any CPU
		{C9967459-98B5-4D86-842A-F72D490B21F6}.Publish|x64.ActiveCfg = Release|Any CPU
		{C9967459-98B5-4D86-842A-F72D490B21F6}.Publish|x64.Build.0 = Release|Any CPU
		{C9967459-98B5-4D86-842A-F72D490B21F6}.Publish|x86.ActiveCfg = Release|Any CPU
		{C9967459-98B5-4D86-842A-F72D490B21F6}.Publish|x86.Build.0 = Release|Any CPU
		{C9967459-98B5-4D86-842A-F72D490B21F6}.Release|Any CPU.ActiveCfg = Release|Any CPU
		{C9967459-98B5-4D86-842A-F72D490B21F6}.Release|Any CPU.Build.0 = Release|Any CPU
		{C9967459-98B5-4D86-842A-F72D490B21F6}.Release|x64.ActiveCfg = Release|Any CPU
		{C9967459-98B5-4D86-842A-F72D490B21F6}.Release|x64.Build.0 = Release|Any CPU
		{C9967459-98B5-4D86-842A-F72D490B21F6}.Release|x86.ActiveCfg = Release|Any CPU
		{C9967459-98B5-4D86-842A-F72D490B21F6}.Release|x86.Build.0 = Release|Any CPU
		{0FA0F504-683B-4A01-8B84-E5CFD22773D0}.Debug|Any CPU.ActiveCfg = Debug|x86
		{0FA0F504-683B-4A01-8B84-E5CFD22773D0}.Debug|x64.ActiveCfg = Debug|x86
		{0FA0F504-683B-4A01-8B84-E5CFD22773D0}.Debug|x86.ActiveCfg = Debug|x86
		{0FA0F504-683B-4A01-8B84-E5CFD22773D0}.Debug|x86.Build.0 = Debug|x86
		{0FA0F504-683B-4A01-8B84-E5CFD22773D0}.Publish|Any CPU.ActiveCfg = Release|x86
		{0FA0F504-683B-4A01-8B84-E5CFD22773D0}.Publish|Any CPU.Build.0 = Release|x86
		{0FA0F504-683B-4A01-8B84-E5CFD22773D0}.Publish|x64.ActiveCfg = Release|x86
		{0FA0F504-683B-4A01-8B84-E5CFD22773D0}.Publish|x64.Build.0 = Release|x86
		{0FA0F504-683B-4A01-8B84-E5CFD22773D0}.Publish|x86.ActiveCfg = Release|x86
		{0FA0F504-683B-4A01-8B84-E5CFD22773D0}.Publish|x86.Build.0 = Release|x86
		{0FA0F504-683B-4A01-8B84-E5CFD22773D0}.Release|Any CPU.ActiveCfg = Release|x86
		{0FA0F504-683B-4A01-8B84-E5CFD22773D0}.Release|x64.ActiveCfg = Release|x86
		{0FA0F504-683B-4A01-8B84-E5CFD22773D0}.Release|x86.ActiveCfg = Release|x86
		{0FA0F504-683B-4A01-8B84-E5CFD22773D0}.Release|x86.Build.0 = Release|x86
	EndGlobalSection
	GlobalSection(SolutionProperties) = preSolution
		HideSolutionNode = FALSE
	EndGlobalSection
	GlobalSection(ExtensibilityGlobals) = postSolution
		EnterpriseLibraryConfigurationToolBinariesPathV6 = packages\EnterpriseLibrary.Common.6.0.1304.0\lib\NET45;packages\EnterpriseLibrary.Logging.6.0.1304.0\lib\NET45
		SolutionGuid = {EAC2E5AA-F73A-4301-87B1-0A49A98CD79B}
	EndGlobalSection
EndGlobal
