
Microsoft Visual Studio Solution File, Format Version 12.00
# Visual Studio 15
VisualStudioVersion = 15.0.27428.2005
MinimumVisualStudioVersion = 10.0.40219.1
Project("{FAE04EC0-301F-11D3-BF4B-00C04F79EFBC}") = "GriB.General.App", "Grib.General.App\GriB.General.App.csproj", "{16AE6A31-1305-4616-AB34-77A49434BD3A}"
EndProject
Project("{FAE04EC0-301F-11D3-BF4B-00C04F79EFBC}") = "GriB.Client.App", "GriB.Client.App\GriB.Client.App.csproj", "{FEB2915B-E068-44E9-8F4F-1FD12C954C2D}"
EndProject
Project("{FAE04EC0-301F-11D3-BF4B-00C04F79EFBC}") = "GriB.App.Windows", "Grib.App.Windows\GriB.App.Windows.csproj", "{0017DA3B-5278-4503-9A40-36B6C1D46BAE}"
EndProject
Project("{FAE04EC0-301F-11D3-BF4B-00C04F79EFBC}") = "GriB.PrintServer.Windows", "GriB.PrintServer.Windows\GriB.PrintServer.Windows.csproj", "{C9967459-98B5-4D86-842A-F72D490B21F6}"
EndProject
Project("{930C7802-8A8C-48F9-8165-68863BCCD9DD}") = "GriB.PrintServer.Windows.Setup", "GriB.PrintServer.Windows.Setup\GriB.PrintServer.Windows.Setup.wixproj", "{0FA0F504-683B-4A01-8B84-E5CFD22773D0}"
EndProject
Project("{9A19103F-16F7-4668-BE54-9A1E7A4F7556}") = "GriB.Common.Models", "GriB.Common.Models\GriB.Common.Models.csproj", "{2DE5309F-FEA6-4FBF-9CE4-FBC20A5D5F03}"
EndProject
Project("{9A19103F-16F7-4668-BE54-9A1E7A4F7556}") = "GriB.Common.Net", "GriB.Common.Net\GriB.Common.Net.csproj", "{E451B9BB-687D-4147-875A-4B44590DF871}"
EndProject
Project("{9A19103F-16F7-4668-BE54-9A1E7A4F7556}") = "GriB.Common.Sql", "GriB.Common.Sql\GriB.Common.Sql.csproj", "{FE90C228-2C71-4865-A069-D3A2D7B623A9}"
EndProject
Project("{FAE04EC0-301F-11D3-BF4B-00C04F79EFBC}") = "GriB.Web", "GriB.Web\GriB.Web.csproj", "{3E00A39A-BBC4-4B43-8A5D-D2583F974FF4}"
EndProject
Project("{2150E333-8FDC-42A3-9474-1A3956D46DE8}") = "NetStandart", "NetStandart", "{2F7304D2-E6E1-4423-A157-3331B8DB5080}"
EndProject
Project("{9A19103F-16F7-4668-BE54-9A1E7A4F7556}") = "GriB.Common", "GriB.Common\GriB.Common.csproj", "{2D9CBA7E-88AA-441F-8F6F-0356AE1DEA4C}"
EndProject
Project("{2150E333-8FDC-42A3-9474-1A3956D46DE8}") = "Windows", "Windows", "{EA6E92E4-6874-427A-8486-870B4DDDF9A1}"
EndProject
Project("{2150E333-8FDC-42A3-9474-1A3956D46DE8}") = "Setup", "Setup", "{7DAB38BE-65AD-4137-A926-E67265E93090}"
EndProject
Project("{2150E333-8FDC-42A3-9474-1A3956D46DE8}") = "Web", "Web", "{6D329BA5-BB37-4C25-A423-ED54827D2600}"
EndProject
Global
	GlobalSection(SolutionConfigurationPlatforms) = preSolution
		Debug|Any CPU = Debug|Any CPU
		Debug|x64 = Debug|x64
		Debug|x86 = Debug|x86
		Publish|Any CPU = Publish|Any CPU
		Publish|x64 = Publish|x64
		Publish|x86 = Publish|x86
		Release|Any CPU = Release|Any CPU
		Release|x64 = Release|x64
		Release|x86 = Release|x86
	EndGlobalSection
	GlobalSection(ProjectConfigurationPlatforms) = postSolution
		{16AE6A31-1305-4616-AB34-77A49434BD3A}.Debug|Any CPU.ActiveCfg = Debug|Any CPU
		{16AE6A31-1305-4616-AB34-77A49434BD3A}.Debug|Any CPU.Build.0 = Debug|Any CPU
		{16AE6A31-1305-4616-AB34-77A49434BD3A}.Debug|x64.ActiveCfg = Debug|x64
		{16AE6A31-1305-4616-AB34-77A49434BD3A}.Debug|x64.Build.0 = Debug|x64
		{16AE6A31-1305-4616-AB34-77A49434BD3A}.Debug|x86.ActiveCfg = Debug|Any CPU
		{16AE6A31-1305-4616-AB34-77A49434BD3A}.Debug|x86.Build.0 = Debug|Any CPU
		{16AE6A31-1305-4616-AB34-77A49434BD3A}.Publish|Any CPU.ActiveCfg = Publish|Any CPU
		{16AE6A31-1305-4616-AB34-77A49434BD3A}.Publish|Any CPU.Build.0 = Publish|Any CPU
		{16AE6A31-1305-4616-AB34-77A49434BD3A}.Publish|x64.ActiveCfg = Publish|x64
		{16AE6A31-1305-4616-AB34-77A49434BD3A}.Publish|x64.Build.0 = Publish|x64
		{16AE6A31-1305-4616-AB34-77A49434BD3A}.Publish|x86.ActiveCfg = Publish|Any CPU
		{16AE6A31-1305-4616-AB34-77A49434BD3A}.Publish|x86.Build.0 = Publish|Any CPU
		{16AE6A31-1305-4616-AB34-77A49434BD3A}.Release|Any CPU.ActiveCfg = Release|Any CPU
		{16AE6A31-1305-4616-AB34-77A49434BD3A}.Release|Any CPU.Build.0 = Release|Any CPU
		{16AE6A31-1305-4616-AB34-77A49434BD3A}.Release|x64.ActiveCfg = Release|x64
		{16AE6A31-1305-4616-AB34-77A49434BD3A}.Release|x64.Build.0 = Release|x64
		{16AE6A31-1305-4616-AB34-77A49434BD3A}.Release|x86.ActiveCfg = Release|Any CPU
		{16AE6A31-1305-4616-AB34-77A49434BD3A}.Release|x86.Build.0 = Release|Any CPU
		{FEB2915B-E068-44E9-8F4F-1FD12C954C2D}.Debug|Any CPU.ActiveCfg = Debug|Any CPU
		{FEB2915B-E068-44E9-8F4F-1FD12C954C2D}.Debug|Any CPU.Build.0 = Debug|Any CPU
		{FEB2915B-E068-44E9-8F4F-1FD12C954C2D}.Debug|x64.ActiveCfg = Debug|x64
		{FEB2915B-E068-44E9-8F4F-1FD12C954C2D}.Debug|x64.Build.0 = Debug|x64
		{FEB2915B-E068-44E9-8F4F-1FD12C954C2D}.Debug|x86.ActiveCfg = Debug|Any CPU
		{FEB2915B-E068-44E9-8F4F-1FD12C954C2D}.Debug|x86.Build.0 = Debug|Any CPU
		{FEB2915B-E068-44E9-8F4F-1FD12C954C2D}.Publish|Any CPU.ActiveCfg = Release|Any CPU
		{FEB2915B-E068-44E9-8F4F-1FD12C954C2D}.Publish|Any CPU.Build.0 = Release|Any CPU
		{FEB2915B-E068-44E9-8F4F-1FD12C954C2D}.Publish|x64.ActiveCfg = Release|x64
		{FEB2915B-E068-44E9-8F4F-1FD12C954C2D}.Publish|x64.Build.0 = Release|x64
		{FEB2915B-E068-44E9-8F4F-1FD12C954C2D}.Publish|x86.ActiveCfg = Release|Any CPU
		{FEB2915B-E068-44E9-8F4F-1FD12C954C2D}.Publish|x86.Build.0 = Release|Any CPU
		{FEB2915B-E068-44E9-8F4F-1FD12C954C2D}.Release|Any CPU.ActiveCfg = Release|Any CPU
		{FEB2915B-E068-44E9-8F4F-1FD12C954C2D}.Release|Any CPU.Build.0 = Release|Any CPU
		{FEB2915B-E068-44E9-8F4F-1FD12C954C2D}.Release|x64.ActiveCfg = Release|x64
		{FEB2915B-E068-44E9-8F4F-1FD12C954C2D}.Release|x64.Build.0 = Release|x64
		{FEB2915B-E068-44E9-8F4F-1FD12C954C2D}.Release|x86.ActiveCfg = Release|Any CPU
		{FEB2915B-E068-44E9-8F4F-1FD12C954C2D}.Release|x86.Build.0 = Release|Any CPU
		{0017DA3B-5278-4503-9A40-36B6C1D46BAE}.Debug|Any CPU.ActiveCfg = Debug|x64
		{0017DA3B-5278-4503-9A40-36B6C1D46BAE}.Debug|Any CPU.Build.0 = Debug|x64
		{0017DA3B-5278-4503-9A40-36B6C1D46BAE}.Debug|x64.ActiveCfg = Debug|x64
		{0017DA3B-5278-4503-9A40-36B6C1D46BAE}.Debug|x64.Build.0 = Debug|x64
		{0017DA3B-5278-4503-9A40-36B6C1D46BAE}.Debug|x86.ActiveCfg = Debug|x86
		{0017DA3B-5278-4503-9A40-36B6C1D46BAE}.Debug|x86.Build.0 = Debug|x86
		{0017DA3B-5278-4503-9A40-36B6C1D46BAE}.Publish|Any CPU.ActiveCfg = Release|Any CPU
		{0017DA3B-5278-4503-9A40-36B6C1D46BAE}.Publish|Any CPU.Build.0 = Release|Any CPU
		{0017DA3B-5278-4503-9A40-36B6C1D46BAE}.Publish|x64.ActiveCfg = Release|Any CPU
		{0017DA3B-5278-4503-9A40-36B6C1D46BAE}.Publish|x64.Build.0 = Release|Any CPU
		{0017DA3B-5278-4503-9A40-36B6C1D46BAE}.Publish|x86.ActiveCfg = Release|x86
		{0017DA3B-5278-4503-9A40-36B6C1D46BAE}.Publish|x86.Build.0 = Release|x86
		{0017DA3B-5278-4503-9A40-36B6C1D46BAE}.Release|Any CPU.ActiveCfg = Release|Any CPU
		{0017DA3B-5278-4503-9A40-36B6C1D46BAE}.Release|Any CPU.Build.0 = Release|Any CPU
		{0017DA3B-5278-4503-9A40-36B6C1D46BAE}.Release|x64.ActiveCfg = Release|Any CPU
		{0017DA3B-5278-4503-9A40-36B6C1D46BAE}.Release|x64.Build.0 = Release|Any CPU
		{0017DA3B-5278-4503-9A40-36B6C1D46BAE}.Release|x86.ActiveCfg = Release|x86
		{0017DA3B-5278-4503-9A40-36B6C1D46BAE}.Release|x86.Build.0 = Release|x86
		{C9967459-98B5-4D86-842A-F72D490B21F6}.Debug|Any CPU.ActiveCfg = Debug|Any CPU
		{C9967459-98B5-4D86-842A-F72D490B21F6}.Debug|Any CPU.Build.0 = Debug|Any CPU
		{C9967459-98B5-4D86-842A-F72D490B21F6}.Debug|x64.ActiveCfg = Debug|Any CPU
		{C9967459-98B5-4D86-842A-F72D490B21F6}.Debug|x64.Build.0 = Debug|Any CPU
		{C9967459-98B5-4D86-842A-F72D490B21F6}.Debug|x86.ActiveCfg = Debug|Any CPU
		{C9967459-98B5-4D86-842A-F72D490B21F6}.Debug|x86.Build.0 = Debug|Any CPU
		{C9967459-98B5-4D86-842A-F72D490B21F6}.Publish|Any CPU.ActiveCfg = Release|Any CPU
		{C9967459-98B5-4D86-842A-F72D490B21F6}.Publish|Any CPU.Build.0 = Release|Any CPU
		{C9967459-98B5-4D86-842A-F72D490B21F6}.Publish|x64.ActiveCfg = Release|Any CPU
		{C9967459-98B5-4D86-842A-F72D490B21F6}.Publish|x64.Build.0 = Release|Any CPU
		{C9967459-98B5-4D86-842A-F72D490B21F6}.Publish|x86.ActiveCfg = Release|Any CPU
		{C9967459-98B5-4D86-842A-F72D490B21F6}.Publish|x86.Build.0 = Release|Any CPU
		{C9967459-98B5-4D86-842A-F72D490B21F6}.Release|Any CPU.ActiveCfg = Release|Any CPU
		{C9967459-98B5-4D86-842A-F72D490B21F6}.Release|Any CPU.Build.0 = Release|Any CPU
		{C9967459-98B5-4D86-842A-F72D490B21F6}.Release|x64.ActiveCfg = Release|Any CPU
		{C9967459-98B5-4D86-842A-F72D490B21F6}.Release|x64.Build.0 = Release|Any CPU
		{C9967459-98B5-4D86-842A-F72D490B21F6}.Release|x86.ActiveCfg = Release|Any CPU
		{C9967459-98B5-4D86-842A-F72D490B21F6}.Release|x86.Build.0 = Release|Any CPU
		{0FA0F504-683B-4A01-8B84-E5CFD22773D0}.Debug|Any CPU.ActiveCfg = Debug|x86
		{0FA0F504-683B-4A01-8B84-E5CFD22773D0}.Debug|x64.ActiveCfg = Debug|x86
		{0FA0F504-683B-4A01-8B84-E5CFD22773D0}.Debug|x86.ActiveCfg = Debug|x86
		{0FA0F504-683B-4A01-8B84-E5CFD22773D0}.Debug|x86.Build.0 = Debug|x86
		{0FA0F504-683B-4A01-8B84-E5CFD22773D0}.Publish|Any CPU.ActiveCfg = Release|x86
		{0FA0F504-683B-4A01-8B84-E5CFD22773D0}.Publish|Any CPU.Build.0 = Release|x86
		{0FA0F504-683B-4A01-8B84-E5CFD22773D0}.Publish|x64.ActiveCfg = Release|x86
		{0FA0F504-683B-4A01-8B84-E5CFD22773D0}.Publish|x64.Build.0 = Release|x86
		{0FA0F504-683B-4A01-8B84-E5CFD22773D0}.Publish|x86.ActiveCfg = Release|x86
		{0FA0F504-683B-4A01-8B84-E5CFD22773D0}.Publish|x86.Build.0 = Release|x86
		{0FA0F504-683B-4A01-8B84-E5CFD22773D0}.Release|Any CPU.ActiveCfg = Release|x86
		{0FA0F504-683B-4A01-8B84-E5CFD22773D0}.Release|x64.ActiveCfg = Release|x86
		{0FA0F504-683B-4A01-8B84-E5CFD22773D0}.Release|x86.ActiveCfg = Release|x86
		{0FA0F504-683B-4A01-8B84-E5CFD22773D0}.Release|x86.Build.0 = Release|x86
		{2DE5309F-FEA6-4FBF-9CE4-FBC20A5D5F03}.Debug|Any CPU.ActiveCfg = Debug|Any CPU
		{2DE5309F-FEA6-4FBF-9CE4-FBC20A5D5F03}.Debug|Any CPU.Build.0 = Debug|Any CPU
		{2DE5309F-FEA6-4FBF-9CE4-FBC20A5D5F03}.Debug|x64.ActiveCfg = Debug|Any CPU
		{2DE5309F-FEA6-4FBF-9CE4-FBC20A5D5F03}.Debug|x64.Build.0 = Debug|Any CPU
		{2DE5309F-FEA6-4FBF-9CE4-FBC20A5D5F03}.Debug|x86.ActiveCfg = Debug|Any CPU
		{2DE5309F-FEA6-4FBF-9CE4-FBC20A5D5F03}.Debug|x86.Build.0 = Debug|Any CPU
		{2DE5309F-FEA6-4FBF-9CE4-FBC20A5D5F03}.Publish|Any CPU.ActiveCfg = Debug|Any CPU
		{2DE5309F-FEA6-4FBF-9CE4-FBC20A5D5F03}.Publish|Any CPU.Build.0 = Debug|Any CPU
		{2DE5309F-FEA6-4FBF-9CE4-FBC20A5D5F03}.Publish|x64.ActiveCfg = Debug|Any CPU
		{2DE5309F-FEA6-4FBF-9CE4-FBC20A5D5F03}.Publish|x64.Build.0 = Debug|Any CPU
		{2DE5309F-FEA6-4FBF-9CE4-FBC20A5D5F03}.Publish|x86.ActiveCfg = Debug|Any CPU
		{2DE5309F-FEA6-4FBF-9CE4-FBC20A5D5F03}.Publish|x86.Build.0 = Debug|Any CPU
		{2DE5309F-FEA6-4FBF-9CE4-FBC20A5D5F03}.Release|Any CPU.ActiveCfg = Release|Any CPU
		{2DE5309F-FEA6-4FBF-9CE4-FBC20A5D5F03}.Release|Any CPU.Build.0 = Release|Any CPU
		{2DE5309F-FEA6-4FBF-9CE4-FBC20A5D5F03}.Release|x64.ActiveCfg = Release|Any CPU
		{2DE5309F-FEA6-4FBF-9CE4-FBC20A5D5F03}.Release|x64.Build.0 = Release|Any CPU
		{2DE5309F-FEA6-4FBF-9CE4-FBC20A5D5F03}.Release|x86.ActiveCfg = Release|Any CPU
		{2DE5309F-FEA6-4FBF-9CE4-FBC20A5D5F03}.Release|x86.Build.0 = Release|Any CPU
		{E451B9BB-687D-4147-875A-4B44590DF871}.Debug|Any CPU.ActiveCfg = Debug|Any CPU
		{E451B9BB-687D-4147-875A-4B44590DF871}.Debug|Any CPU.Build.0 = Debug|Any CPU
		{E451B9BB-687D-4147-875A-4B44590DF871}.Debug|x64.ActiveCfg = Debug|Any CPU
		{E451B9BB-687D-4147-875A-4B44590DF871}.Debug|x64.Build.0 = Debug|Any CPU
		{E451B9BB-687D-4147-875A-4B44590DF871}.Debug|x86.ActiveCfg = Debug|Any CPU
		{E451B9BB-687D-4147-875A-4B44590DF871}.Debug|x86.Build.0 = Debug|Any CPU
		{E451B9BB-687D-4147-875A-4B44590DF871}.Publish|Any CPU.ActiveCfg = Debug|Any CPU
		{E451B9BB-687D-4147-875A-4B44590DF871}.Publish|Any CPU.Build.0 = Debug|Any CPU
		{E451B9BB-687D-4147-875A-4B44590DF871}.Publish|x64.ActiveCfg = Debug|Any CPU
		{E451B9BB-687D-4147-875A-4B44590DF871}.Publish|x64.Build.0 = Debug|Any CPU
		{E451B9BB-687D-4147-875A-4B44590DF871}.Publish|x86.ActiveCfg = Debug|Any CPU
		{E451B9BB-687D-4147-875A-4B44590DF871}.Publish|x86.Build.0 = Debug|Any CPU
		{E451B9BB-687D-4147-875A-4B44590DF871}.Release|Any CPU.ActiveCfg = Release|Any CPU
		{E451B9BB-687D-4147-875A-4B44590DF871}.Release|Any CPU.Build.0 = Release|Any CPU
		{E451B9BB-687D-4147-875A-4B44590DF871}.Release|x64.ActiveCfg = Release|Any CPU
		{E451B9BB-687D-4147-875A-4B44590DF871}.Release|x64.Build.0 = Release|Any CPU
		{E451B9BB-687D-4147-875A-4B44590DF871}.Release|x86.ActiveCfg = Release|Any CPU
		{E451B9BB-687D-4147-875A-4B44590DF871}.Release|x86.Build.0 = Release|Any CPU
		{FE90C228-2C71-4865-A069-D3A2D7B623A9}.Debug|Any CPU.ActiveCfg = Debug|Any CPU
		{FE90C228-2C71-4865-A069-D3A2D7B623A9}.Debug|Any CPU.Build.0 = Debug|Any CPU
		{FE90C228-2C71-4865-A069-D3A2D7B623A9}.Debug|x64.ActiveCfg = Debug|Any CPU
		{FE90C228-2C71-4865-A069-D3A2D7B623A9}.Debug|x64.Build.0 = Debug|Any CPU
		{FE90C228-2C71-4865-A069-D3A2D7B623A9}.Debug|x86.ActiveCfg = Debug|Any CPU
		{FE90C228-2C71-4865-A069-D3A2D7B623A9}.Debug|x86.Build.0 = Debug|Any CPU
		{FE90C228-2C71-4865-A069-D3A2D7B623A9}.Publish|Any CPU.ActiveCfg = Debug|Any CPU
		{FE90C228-2C71-4865-A069-D3A2D7B623A9}.Publish|Any CPU.Build.0 = Debug|Any CPU
		{FE90C228-2C71-4865-A069-D3A2D7B623A9}.Publish|x64.ActiveCfg = Debug|Any CPU
		{FE90C228-2C71-4865-A069-D3A2D7B623A9}.Publish|x64.Build.0 = Debug|Any CPU
		{FE90C228-2C71-4865-A069-D3A2D7B623A9}.Publish|x86.ActiveCfg = Debug|Any CPU
		{FE90C228-2C71-4865-A069-D3A2D7B623A9}.Publish|x86.Build.0 = Debug|Any CPU
		{FE90C228-2C71-4865-A069-D3A2D7B623A9}.Release|Any CPU.ActiveCfg = Release|Any CPU
		{FE90C228-2C71-4865-A069-D3A2D7B623A9}.Release|Any CPU.Build.0 = Release|Any CPU
		{FE90C228-2C71-4865-A069-D3A2D7B623A9}.Release|x64.ActiveCfg = Release|Any CPU
		{FE90C228-2C71-4865-A069-D3A2D7B623A9}.Release|x64.Build.0 = Release|Any CPU
		{FE90C228-2C71-4865-A069-D3A2D7B623A9}.Release|x86.ActiveCfg = Release|Any CPU
		{FE90C228-2C71-4865-A069-D3A2D7B623A9}.Release|x86.Build.0 = Release|Any CPU
		{3E00A39A-BBC4-4B43-8A5D-D2583F974FF4}.Debug|Any CPU.ActiveCfg = Debug|Any CPU
		{3E00A39A-BBC4-4B43-8A5D-D2583F974FF4}.Debug|Any CPU.Build.0 = Debug|Any CPU
		{3E00A39A-BBC4-4B43-8A5D-D2583F974FF4}.Debug|x64.ActiveCfg = Debug|Any CPU
		{3E00A39A-BBC4-4B43-8A5D-D2583F974FF4}.Debug|x64.Build.0 = Debug|Any CPU
		{3E00A39A-BBC4-4B43-8A5D-D2583F974FF4}.Debug|x86.ActiveCfg = Debug|Any CPU
		{3E00A39A-BBC4-4B43-8A5D-D2583F974FF4}.Debug|x86.Build.0 = Debug|Any CPU
		{3E00A39A-BBC4-4B43-8A5D-D2583F974FF4}.Publish|Any CPU.ActiveCfg = Release|Any CPU
		{3E00A39A-BBC4-4B43-8A5D-D2583F974FF4}.Publish|Any CPU.Build.0 = Release|Any CPU
		{3E00A39A-BBC4-4B43-8A5D-D2583F974FF4}.Publish|x64.ActiveCfg = Release|Any CPU
		{3E00A39A-BBC4-4B43-8A5D-D2583F974FF4}.Publish|x64.Build.0 = Release|Any CPU
		{3E00A39A-BBC4-4B43-8A5D-D2583F974FF4}.Publish|x86.ActiveCfg = Release|Any CPU
		{3E00A39A-BBC4-4B43-8A5D-D2583F974FF4}.Publish|x86.Build.0 = Release|Any CPU
		{3E00A39A-BBC4-4B43-8A5D-D2583F974FF4}.Release|Any CPU.ActiveCfg = Release|Any CPU
		{3E00A39A-BBC4-4B43-8A5D-D2583F974FF4}.Release|Any CPU.Build.0 = Release|Any CPU
		{3E00A39A-BBC4-4B43-8A5D-D2583F974FF4}.Release|x64.ActiveCfg = Release|Any CPU
		{3E00A39A-BBC4-4B43-8A5D-D2583F974FF4}.Release|x64.Build.0 = Release|Any CPU
		{3E00A39A-BBC4-4B43-8A5D-D2583F974FF4}.Release|x86.ActiveCfg = Release|Any CPU
		{3E00A39A-BBC4-4B43-8A5D-D2583F974FF4}.Release|x86.Build.0 = Release|Any CPU
		{2D9CBA7E-88AA-441F-8F6F-0356AE1DEA4C}.Debug|Any CPU.ActiveCfg = Debug|Any CPU
		{2D9CBA7E-88AA-441F-8F6F-0356AE1DEA4C}.Debug|Any CPU.Build.0 = Debug|Any CPU
		{2D9CBA7E-88AA-441F-8F6F-0356AE1DEA4C}.Debug|x64.ActiveCfg = Debug|Any CPU
		{2D9CBA7E-88AA-441F-8F6F-0356AE1DEA4C}.Debug|x64.Build.0 = Debug|Any CPU
		{2D9CBA7E-88AA-441F-8F6F-0356AE1DEA4C}.Debug|x86.ActiveCfg = Debug|Any CPU
		{2D9CBA7E-88AA-441F-8F6F-0356AE1DEA4C}.Debug|x86.Build.0 = Debug|Any CPU
		{2D9CBA7E-88AA-441F-8F6F-0356AE1DEA4C}.Publish|Any CPU.ActiveCfg = Debug|Any CPU
		{2D9CBA7E-88AA-441F-8F6F-0356AE1DEA4C}.Publish|Any CPU.Build.0 = Debug|Any CPU
		{2D9CBA7E-88AA-441F-8F6F-0356AE1DEA4C}.Publish|x64.ActiveCfg = Debug|Any CPU
		{2D9CBA7E-88AA-441F-8F6F-0356AE1DEA4C}.Publish|x64.Build.0 = Debug|Any CPU
		{2D9CBA7E-88AA-441F-8F6F-0356AE1DEA4C}.Publish|x86.ActiveCfg = Debug|Any CPU
		{2D9CBA7E-88AA-441F-8F6F-0356AE1DEA4C}.Publish|x86.Build.0 = Debug|Any CPU
		{2D9CBA7E-88AA-441F-8F6F-0356AE1DEA4C}.Release|Any CPU.ActiveCfg = Release|Any CPU
		{2D9CBA7E-88AA-441F-8F6F-0356AE1DEA4C}.Release|Any CPU.Build.0 = Release|Any CPU
		{2D9CBA7E-88AA-441F-8F6F-0356AE1DEA4C}.Release|x64.ActiveCfg = Release|Any CPU
		{2D9CBA7E-88AA-441F-8F6F-0356AE1DEA4C}.Release|x64.Build.0 = Release|Any CPU
		{2D9CBA7E-88AA-441F-8F6F-0356AE1DEA4C}.Release|x86.ActiveCfg = Release|Any CPU
		{2D9CBA7E-88AA-441F-8F6F-0356AE1DEA4C}.Release|x86.Build.0 = Release|Any CPU
	EndGlobalSection
	GlobalSection(SolutionProperties) = preSolution
		HideSolutionNode = FALSE
	EndGlobalSection
	GlobalSection(NestedProjects) = preSolution
		{16AE6A31-1305-4616-AB34-77A49434BD3A} = {6D329BA5-BB37-4C25-A423-ED54827D2600}
		{FEB2915B-E068-44E9-8F4F-1FD12C954C2D} = {6D329BA5-BB37-4C25-A423-ED54827D2600}
		{0017DA3B-5278-4503-9A40-36B6C1D46BAE} = {EA6E92E4-6874-427A-8486-870B4DDDF9A1}
		{C9967459-98B5-4D86-842A-F72D490B21F6} = {EA6E92E4-6874-427A-8486-870B4DDDF9A1}
		{0FA0F504-683B-4A01-8B84-E5CFD22773D0} = {7DAB38BE-65AD-4137-A926-E67265E93090}
		{2DE5309F-FEA6-4FBF-9CE4-FBC20A5D5F03} = {2F7304D2-E6E1-4423-A157-3331B8DB5080}
		{E451B9BB-687D-4147-875A-4B44590DF871} = {2F7304D2-E6E1-4423-A157-3331B8DB5080}
		{FE90C228-2C71-4865-A069-D3A2D7B623A9} = {2F7304D2-E6E1-4423-A157-3331B8DB5080}
		{3E00A39A-BBC4-4B43-8A5D-D2583F974FF4} = {EA6E92E4-6874-427A-8486-870B4DDDF9A1}
		{2D9CBA7E-88AA-441F-8F6F-0356AE1DEA4C} = {2F7304D2-E6E1-4423-A157-3331B8DB5080}
	EndGlobalSection
	GlobalSection(ExtensibilityGlobals) = postSolution
		EnterpriseLibraryConfigurationToolBinariesPathV6 = packages\EnterpriseLibrary.Common.6.0.1304.0\lib\NET45;packages\EnterpriseLibrary.Logging.6.0.1304.0\lib\NET45
		SolutionGuid = {EAC2E5AA-F73A-4301-87B1-0A49A98CD79B}
	EndGlobalSection
EndGlobal
