
Microsoft Visual Studio Solution File, Format Version 12.00
# Visual Studio Version 16
VisualStudioVersion = 16.0.28803.202
MinimumVisualStudioVersion = 10.0.40219.1
Project("{FAE04EC0-301F-11D3-BF4B-00C04F79EFBC}") = "GriB.General.App", "Grib.General.App\GriB.General.App.csproj", "{16AE6A31-1305-4616-AB34-77A49434BD3A}"
EndProject
Project("{FAE04EC0-301F-11D3-BF4B-00C04F79EFBC}") = "GriB.Client.App", "GriB.Client.App\GriB.Client.App.csproj", "{FEB2915B-E068-44E9-8F4F-1FD12C954C2D}"
EndProject
Project("{FAE04EC0-301F-11D3-BF4B-00C04F79EFBC}") = "GriB.App.Windows", "Grib.App.Windows\GriB.App.Windows.csproj", "{0017DA3B-5278-4503-9A40-36B6C1D46BAE}"
EndProject
Project("{FAE04EC0-301F-11D3-BF4B-00C04F79EFBC}") = "GriB.PrintServer.Windows", "GriB.PrintServer.Windows\GriB.PrintServer.Windows.csproj", "{C9967459-98B5-4D86-842A-F72D490B21F6}"
EndProject
Project("{FAE04EC0-301F-11D3-BF4B-00C04F79EFBC}") = "GriB.Web", "GriB.Web\GriB.Web.csproj", "{3E00A39A-BBC4-4B43-8A5D-D2583F974FF4}"
EndProject
Project("{2150E333-8FDC-42A3-9474-1A3956D46DE8}") = "Common", "Common", "{2F7304D2-E6E1-4423-A157-3331B8DB5080}"
EndProject
Project("{2150E333-8FDC-42A3-9474-1A3956D46DE8}") = "Windows", "Windows", "{EA6E92E4-6874-427A-8486-870B4DDDF9A1}"
EndProject
Project("{2150E333-8FDC-42A3-9474-1A3956D46DE8}") = "Setup", "Setup", "{7DAB38BE-65AD-4137-A926-E67265E93090}"
EndProject
Project("{2150E333-8FDC-42A3-9474-1A3956D46DE8}") = "Web", "Web", "{6D329BA5-BB37-4C25-A423-ED54827D2600}"
EndProject
Project("{FAE04EC0-301F-11D3-BF4B-00C04F79EFBC}") = "GriB.Common", "GriB.Common\GriB.Common.csproj", "{78F0CCB1-C344-4BE7-83C6-EE75DF3EFD4C}"
EndProject
Project("{FAE04EC0-301F-11D3-BF4B-00C04F79EFBC}") = "GriB.Common.Models", "GriB.Common.Models\GriB.Common.Models.csproj", "{2AB9C7F5-10C3-4EBC-8991-788FF4D6B64E}"
EndProject
Project("{FAE04EC0-301F-11D3-BF4B-00C04F79EFBC}") = "GriB.Common.Net", "GriB.Common.Net\GriB.Common.Net.csproj", "{A5152834-37D8-4195-9617-45FE09001E0C}"
EndProject
Project("{FAE04EC0-301F-11D3-BF4B-00C04F79EFBC}") = "GriB.Common.Sql", "GriB.Common.Sql\GriB.Common.Sql.csproj", "{3D285787-4AB9-4D21-8E48-3F49B7E7664F}"
EndProject
Project("{930C7802-8A8C-48F9-8165-68863BCCD9DD}") = "GriB.Installer", "GriB.Installer\GriB.Installer.wixproj", "{210D8818-C1B9-4698-940F-770E5281C08D}"
EndProject
Project("{930C7802-8A8C-48F9-8165-68863BCCD9DD}") = "GriB.Installer.Bootstrapper", "GriB.Installer.Bootstrapper\GriB.Installer.Bootstrapper.wixproj", "{22BE9E9A-02ED-4C41-B1E7-4194BA74FD95}"
EndProject
Project("{FAE04EC0-301F-11D3-BF4B-00C04F79EFBC}") = "GriB.Installer.UI", "GriB.Installer.UI\GriB.Installer.UI.csproj", "{71DB3E5F-9D5B-4AC0-8242-5F70852CE8C8}"
EndProject
Project("{FAE04EC0-301F-11D3-BF4B-00C04F79EFBC}") = "GriB.Print.Windows", "GriB.Print.Windows\GriB.Print.Windows.csproj", "{AF4DBC8C-9E86-447D-8BA5-1AAAC79F5441}"
EndProject
Global
	GlobalSection(SolutionConfigurationPlatforms) = preSolution
		Debug|Any CPU = Debug|Any CPU
		Debug|x64 = Debug|x64
		Debug|x86 = Debug|x86
		Publish|Any CPU = Publish|Any CPU
		Publish|x64 = Publish|x64
		Publish|x86 = Publish|x86
		Release|Any CPU = Release|Any CPU
		Release|x64 = Release|x64
		Release|x86 = Release|x86
	EndGlobalSection
	GlobalSection(ProjectConfigurationPlatforms) = postSolution
		{16AE6A31-1305-4616-AB34-77A49434BD3A}.Debug|Any CPU.ActiveCfg = Debug|Any CPU
		{16AE6A31-1305-4616-AB34-77A49434BD3A}.Debug|Any CPU.Build.0 = Debug|Any CPU
		{16AE6A31-1305-4616-AB34-77A49434BD3A}.Debug|x64.ActiveCfg = Debug|x64
		{16AE6A31-1305-4616-AB34-77A49434BD3A}.Debug|x64.Build.0 = Debug|x64
		{16AE6A31-1305-4616-AB34-77A49434BD3A}.Debug|x86.ActiveCfg = Debug|Any CPU
		{16AE6A31-1305-4616-AB34-77A49434BD3A}.Debug|x86.Build.0 = Debug|Any CPU
		{16AE6A31-1305-4616-AB34-77A49434BD3A}.Publish|Any CPU.ActiveCfg = Publish|Any CPU
		{16AE6A31-1305-4616-AB34-77A49434BD3A}.Publish|Any CPU.Build.0 = Publish|Any CPU
		{16AE6A31-1305-4616-AB34-77A49434BD3A}.Publish|x64.ActiveCfg = Publish|x64
		{16AE6A31-1305-4616-AB34-77A49434BD3A}.Publish|x64.Build.0 = Publish|x64
		{16AE6A31-1305-4616-AB34-77A49434BD3A}.Publish|x86.ActiveCfg = Publish|Any CPU
		{16AE6A31-1305-4616-AB34-77A49434BD3A}.Publish|x86.Build.0 = Publish|Any CPU
		{16AE6A31-1305-4616-AB34-77A49434BD3A}.Release|Any CPU.ActiveCfg = Release|Any CPU
		{16AE6A31-1305-4616-AB34-77A49434BD3A}.Release|Any CPU.Build.0 = Release|Any CPU
		{16AE6A31-1305-4616-AB34-77A49434BD3A}.Release|x64.ActiveCfg = Release|x64
		{16AE6A31-1305-4616-AB34-77A49434BD3A}.Release|x64.Build.0 = Release|x64
		{16AE6A31-1305-4616-AB34-77A49434BD3A}.Release|x86.ActiveCfg = Release|Any CPU
		{16AE6A31-1305-4616-AB34-77A49434BD3A}.Release|x86.Build.0 = Release|Any CPU
		{FEB2915B-E068-44E9-8F4F-1FD12C954C2D}.Debug|Any CPU.ActiveCfg = Debug|Any CPU
		{FEB2915B-E068-44E9-8F4F-1FD12C954C2D}.Debug|Any CPU.Build.0 = Debug|Any CPU
		{FEB2915B-E068-44E9-8F4F-1FD12C954C2D}.Debug|x64.ActiveCfg = Debug|x64
		{FEB2915B-E068-44E9-8F4F-1FD12C954C2D}.Debug|x64.Build.0 = Debug|x64
		{FEB2915B-E068-44E9-8F4F-1FD12C954C2D}.Debug|x86.ActiveCfg = Debug|Any CPU
		{FEB2915B-E068-44E9-8F4F-1FD12C954C2D}.Debug|x86.Build.0 = Debug|Any CPU
		{FEB2915B-E068-44E9-8F4F-1FD12C954C2D}.Publish|Any CPU.ActiveCfg = Release|Any CPU
		{FEB2915B-E068-44E9-8F4F-1FD12C954C2D}.Publish|Any CPU.Build.0 = Release|Any CPU
		{FEB2915B-E068-44E9-8F4F-1FD12C954C2D}.Publish|x64.ActiveCfg = Release|x64
		{FEB2915B-E068-44E9-8F4F-1FD12C954C2D}.Publish|x64.Build.0 = Release|x64
		{FEB2915B-E068-44E9-8F4F-1FD12C954C2D}.Publish|x86.ActiveCfg = Release|Any CPU
		{FEB2915B-E068-44E9-8F4F-1FD12C954C2D}.Publish|x86.Build.0 = Release|Any CPU
		{FEB2915B-E068-44E9-8F4F-1FD12C954C2D}.Release|Any CPU.ActiveCfg = Release|Any CPU
		{FEB2915B-E068-44E9-8F4F-1FD12C954C2D}.Release|Any CPU.Build.0 = Release|Any CPU
		{FEB2915B-E068-44E9-8F4F-1FD12C954C2D}.Release|x64.ActiveCfg = Release|x64
		{FEB2915B-E068-44E9-8F4F-1FD12C954C2D}.Release|x64.Build.0 = Release|x64
		{FEB2915B-E068-44E9-8F4F-1FD12C954C2D}.Release|x86.ActiveCfg = Release|Any CPU
		{FEB2915B-E068-44E9-8F4F-1FD12C954C2D}.Release|x86.Build.0 = Release|Any CPU
		{0017DA3B-5278-4503-9A40-36B6C1D46BAE}.Debug|Any CPU.ActiveCfg = Debug|x64
		{0017DA3B-5278-4503-9A40-36B6C1D46BAE}.Debug|Any CPU.Build.0 = Debug|x64
		{0017DA3B-5278-4503-9A40-36B6C1D46BAE}.Debug|x64.ActiveCfg = Debug|x64
		{0017DA3B-5278-4503-9A40-36B6C1D46BAE}.Debug|x64.Build.0 = Debug|x64
		{0017DA3B-5278-4503-9A40-36B6C1D46BAE}.Debug|x86.ActiveCfg = Debug|x86
		{0017DA3B-5278-4503-9A40-36B6C1D46BAE}.Debug|x86.Build.0 = Debug|x86
		{0017DA3B-5278-4503-9A40-36B6C1D46BAE}.Publish|Any CPU.ActiveCfg = Release|Any CPU
		{0017DA3B-5278-4503-9A40-36B6C1D46BAE}.Publish|Any CPU.Build.0 = Release|Any CPU
		{0017DA3B-5278-4503-9A40-36B6C1D46BAE}.Publish|x64.ActiveCfg = Release|Any CPU
		{0017DA3B-5278-4503-9A40-36B6C1D46BAE}.Publish|x64.Build.0 = Release|Any CPU
		{0017DA3B-5278-4503-9A40-36B6C1D46BAE}.Publish|x86.ActiveCfg = Release|x86
		{0017DA3B-5278-4503-9A40-36B6C1D46BAE}.Publish|x86.Build.0 = Release|x86
		{0017DA3B-5278-4503-9A40-36B6C1D46BAE}.Release|Any CPU.ActiveCfg = Release|Any CPU
		{0017DA3B-5278-4503-9A40-36B6C1D46BAE}.Release|Any CPU.Build.0 = Release|Any CPU
		{0017DA3B-5278-4503-9A40-36B6C1D46BAE}.Release|x64.ActiveCfg = Release|Any CPU
		{0017DA3B-5278-4503-9A40-36B6C1D46BAE}.Release|x64.Build.0 = Release|Any CPU
		{0017DA3B-5278-4503-9A40-36B6C1D46BAE}.Release|x86.ActiveCfg = Release|x86
		{0017DA3B-5278-4503-9A40-36B6C1D46BAE}.Release|x86.Build.0 = Release|x86
		{C9967459-98B5-4D86-842A-F72D490B21F6}.Debug|Any CPU.ActiveCfg = Debug|Any CPU
		{C9967459-98B5-4D86-842A-F72D490B21F6}.Debug|Any CPU.Build.0 = Debug|Any CPU
		{C9967459-98B5-4D86-842A-F72D490B21F6}.Debug|x64.ActiveCfg = Debug|Any CPU
		{C9967459-98B5-4D86-842A-F72D490B21F6}.Debug|x64.Build.0 = Debug|Any CPU
		{C9967459-98B5-4D86-842A-F72D490B21F6}.Debug|x86.ActiveCfg = Debug|Any CPU
		{C9967459-98B5-4D86-842A-F72D490B21F6}.Debug|x86.Build.0 = Debug|Any CPU
		{C9967459-98B5-4D86-842A-F72D490B21F6}.Publish|Any CPU.ActiveCfg = Release|Any CPU
		{C9967459-98B5-4D86-842A-F72D490B21F6}.Publish|Any CPU.Build.0 = Release|Any CPU
		{C9967459-98B5-4D86-842A-F72D490B21F6}.Publish|x64.ActiveCfg = Release|Any CPU
		{C9967459-98B5-4D86-842A-F72D490B21F6}.Publish|x64.Build.0 = Release|Any CPU
		{C9967459-98B5-4D86-842A-F72D490B21F6}.Publish|x86.ActiveCfg = Release|Any CPU
		{C9967459-98B5-4D86-842A-F72D490B21F6}.Publish|x86.Build.0 = Release|Any CPU
		{C9967459-98B5-4D86-842A-F72D490B21F6}.Release|Any CPU.ActiveCfg = Release|Any CPU
		{C9967459-98B5-4D86-842A-F72D490B21F6}.Release|Any CPU.Build.0 = Release|Any CPU
		{C9967459-98B5-4D86-842A-F72D490B21F6}.Release|x64.ActiveCfg = Release|Any CPU
		{C9967459-98B5-4D86-842A-F72D490B21F6}.Release|x64.Build.0 = Release|Any CPU
		{C9967459-98B5-4D86-842A-F72D490B21F6}.Release|x86.ActiveCfg = Release|Any CPU
		{C9967459-98B5-4D86-842A-F72D490B21F6}.Release|x86.Build.0 = Release|Any CPU
		{3E00A39A-BBC4-4B43-8A5D-D2583F974FF4}.Debug|Any CPU.ActiveCfg = Debug|Any CPU
		{3E00A39A-BBC4-4B43-8A5D-D2583F974FF4}.Debug|Any CPU.Build.0 = Debug|Any CPU
		{3E00A39A-BBC4-4B43-8A5D-D2583F974FF4}.Debug|x64.ActiveCfg = Debug|Any CPU
		{3E00A39A-BBC4-4B43-8A5D-D2583F974FF4}.Debug|x64.Build.0 = Debug|Any CPU
		{3E00A39A-BBC4-4B43-8A5D-D2583F974FF4}.Debug|x86.ActiveCfg = Debug|Any CPU
		{3E00A39A-BBC4-4B43-8A5D-D2583F974FF4}.Debug|x86.Build.0 = Debug|Any CPU
		{3E00A39A-BBC4-4B43-8A5D-D2583F974FF4}.Publish|Any CPU.ActiveCfg = Release|Any CPU
		{3E00A39A-BBC4-4B43-8A5D-D2583F974FF4}.Publish|Any CPU.Build.0 = Release|Any CPU
		{3E00A39A-BBC4-4B43-8A5D-D2583F974FF4}.Publish|x64.ActiveCfg = Release|Any CPU
		{3E00A39A-BBC4-4B43-8A5D-D2583F974FF4}.Publish|x64.Build.0 = Release|Any CPU
		{3E00A39A-BBC4-4B43-8A5D-D2583F974FF4}.Publish|x86.ActiveCfg = Release|Any CPU
		{3E00A39A-BBC4-4B43-8A5D-D2583F974FF4}.Publish|x86.Build.0 = Release|Any CPU
		{3E00A39A-BBC4-4B43-8A5D-D2583F974FF4}.Release|Any CPU.ActiveCfg = Release|Any CPU
		{3E00A39A-BBC4-4B43-8A5D-D2583F974FF4}.Release|Any CPU.Build.0 = Release|Any CPU
		{3E00A39A-BBC4-4B43-8A5D-D2583F974FF4}.Release|x64.ActiveCfg = Release|Any CPU
		{3E00A39A-BBC4-4B43-8A5D-D2583F974FF4}.Release|x64.Build.0 = Release|Any CPU
		{3E00A39A-BBC4-4B43-8A5D-D2583F974FF4}.Release|x86.ActiveCfg = Release|Any CPU
		{3E00A39A-BBC4-4B43-8A5D-D2583F974FF4}.Release|x86.Build.0 = Release|Any CPU
		{78F0CCB1-C344-4BE7-83C6-EE75DF3EFD4C}.Debug|Any CPU.ActiveCfg = Debug|Any CPU
		{78F0CCB1-C344-4BE7-83C6-EE75DF3EFD4C}.Debug|Any CPU.Build.0 = Debug|Any CPU
		{78F0CCB1-C344-4BE7-83C6-EE75DF3EFD4C}.Debug|x64.ActiveCfg = Debug|Any CPU
		{78F0CCB1-C344-4BE7-83C6-EE75DF3EFD4C}.Debug|x64.Build.0 = Debug|Any CPU
		{78F0CCB1-C344-4BE7-83C6-EE75DF3EFD4C}.Debug|x86.ActiveCfg = Debug|Any CPU
		{78F0CCB1-C344-4BE7-83C6-EE75DF3EFD4C}.Debug|x86.Build.0 = Debug|Any CPU
		{78F0CCB1-C344-4BE7-83C6-EE75DF3EFD4C}.Publish|Any CPU.ActiveCfg = Release|Any CPU
		{78F0CCB1-C344-4BE7-83C6-EE75DF3EFD4C}.Publish|Any CPU.Build.0 = Release|Any CPU
		{78F0CCB1-C344-4BE7-83C6-EE75DF3EFD4C}.Publish|x64.ActiveCfg = Release|Any CPU
		{78F0CCB1-C344-4BE7-83C6-EE75DF3EFD4C}.Publish|x64.Build.0 = Release|Any CPU
		{78F0CCB1-C344-4BE7-83C6-EE75DF3EFD4C}.Publish|x86.ActiveCfg = Release|Any CPU
		{78F0CCB1-C344-4BE7-83C6-EE75DF3EFD4C}.Publish|x86.Build.0 = Release|Any CPU
		{78F0CCB1-C344-4BE7-83C6-EE75DF3EFD4C}.Release|Any CPU.ActiveCfg = Release|Any CPU
		{78F0CCB1-C344-4BE7-83C6-EE75DF3EFD4C}.Release|Any CPU.Build.0 = Release|Any CPU
		{78F0CCB1-C344-4BE7-83C6-EE75DF3EFD4C}.Release|x64.ActiveCfg = Release|Any CPU
		{78F0CCB1-C344-4BE7-83C6-EE75DF3EFD4C}.Release|x64.Build.0 = Release|Any CPU
		{78F0CCB1-C344-4BE7-83C6-EE75DF3EFD4C}.Release|x86.ActiveCfg = Release|Any CPU
		{78F0CCB1-C344-4BE7-83C6-EE75DF3EFD4C}.Release|x86.Build.0 = Release|Any CPU
		{2AB9C7F5-10C3-4EBC-8991-788FF4D6B64E}.Debug|Any CPU.ActiveCfg = Debug|Any CPU
		{2AB9C7F5-10C3-4EBC-8991-788FF4D6B64E}.Debug|Any CPU.Build.0 = Debug|Any CPU
		{2AB9C7F5-10C3-4EBC-8991-788FF4D6B64E}.Debug|x64.ActiveCfg = Debug|Any CPU
		{2AB9C7F5-10C3-4EBC-8991-788FF4D6B64E}.Debug|x64.Build.0 = Debug|Any CPU
		{2AB9C7F5-10C3-4EBC-8991-788FF4D6B64E}.Debug|x86.ActiveCfg = Debug|Any CPU
		{2AB9C7F5-10C3-4EBC-8991-788FF4D6B64E}.Debug|x86.Build.0 = Debug|Any CPU
		{2AB9C7F5-10C3-4EBC-8991-788FF4D6B64E}.Publish|Any CPU.ActiveCfg = Release|Any CPU
		{2AB9C7F5-10C3-4EBC-8991-788FF4D6B64E}.Publish|Any CPU.Build.0 = Release|Any CPU
		{2AB9C7F5-10C3-4EBC-8991-788FF4D6B64E}.Publish|x64.ActiveCfg = Release|Any CPU
		{2AB9C7F5-10C3-4EBC-8991-788FF4D6B64E}.Publish|x64.Build.0 = Release|Any CPU
		{2AB9C7F5-10C3-4EBC-8991-788FF4D6B64E}.Publish|x86.ActiveCfg = Release|Any CPU
		{2AB9C7F5-10C3-4EBC-8991-788FF4D6B64E}.Publish|x86.Build.0 = Release|Any CPU
		{2AB9C7F5-10C3-4EBC-8991-788FF4D6B64E}.Release|Any CPU.ActiveCfg = Release|Any CPU
		{2AB9C7F5-10C3-4EBC-8991-788FF4D6B64E}.Release|Any CPU.Build.0 = Release|Any CPU
		{2AB9C7F5-10C3-4EBC-8991-788FF4D6B64E}.Release|x64.ActiveCfg = Release|Any CPU
		{2AB9C7F5-10C3-4EBC-8991-788FF4D6B64E}.Release|x64.Build.0 = Release|Any CPU
		{2AB9C7F5-10C3-4EBC-8991-788FF4D6B64E}.Release|x86.ActiveCfg = Release|Any CPU
		{2AB9C7F5-10C3-4EBC-8991-788FF4D6B64E}.Release|x86.Build.0 = Release|Any CPU
		{A5152834-37D8-4195-9617-45FE09001E0C}.Debug|Any CPU.ActiveCfg = Debug|Any CPU
		{A5152834-37D8-4195-9617-45FE09001E0C}.Debug|Any CPU.Build.0 = Debug|Any CPU
		{A5152834-37D8-4195-9617-45FE09001E0C}.Debug|x64.ActiveCfg = Debug|Any CPU
		{A5152834-37D8-4195-9617-45FE09001E0C}.Debug|x64.Build.0 = Debug|Any CPU
		{A5152834-37D8-4195-9617-45FE09001E0C}.Debug|x86.ActiveCfg = Debug|Any CPU
		{A5152834-37D8-4195-9617-45FE09001E0C}.Debug|x86.Build.0 = Debug|Any CPU
		{A5152834-37D8-4195-9617-45FE09001E0C}.Publish|Any CPU.ActiveCfg = Release|Any CPU
		{A5152834-37D8-4195-9617-45FE09001E0C}.Publish|Any CPU.Build.0 = Release|Any CPU
		{A5152834-37D8-4195-9617-45FE09001E0C}.Publish|x64.ActiveCfg = Release|Any CPU
		{A5152834-37D8-4195-9617-45FE09001E0C}.Publish|x64.Build.0 = Release|Any CPU
		{A5152834-37D8-4195-9617-45FE09001E0C}.Publish|x86.ActiveCfg = Release|Any CPU
		{A5152834-37D8-4195-9617-45FE09001E0C}.Publish|x86.Build.0 = Release|Any CPU
		{A5152834-37D8-4195-9617-45FE09001E0C}.Release|Any CPU.ActiveCfg = Release|Any CPU
		{A5152834-37D8-4195-9617-45FE09001E0C}.Release|Any CPU.Build.0 = Release|Any CPU
		{A5152834-37D8-4195-9617-45FE09001E0C}.Release|x64.ActiveCfg = Release|Any CPU
		{A5152834-37D8-4195-9617-45FE09001E0C}.Release|x64.Build.0 = Release|Any CPU
		{A5152834-37D8-4195-9617-45FE09001E0C}.Release|x86.ActiveCfg = Release|Any CPU
		{A5152834-37D8-4195-9617-45FE09001E0C}.Release|x86.Build.0 = Release|Any CPU
		{3D285787-4AB9-4D21-8E48-3F49B7E7664F}.Debug|Any CPU.ActiveCfg = Debug|Any CPU
		{3D285787-4AB9-4D21-8E48-3F49B7E7664F}.Debug|Any CPU.Build.0 = Debug|Any CPU
		{3D285787-4AB9-4D21-8E48-3F49B7E7664F}.Debug|x64.ActiveCfg = Debug|Any CPU
		{3D285787-4AB9-4D21-8E48-3F49B7E7664F}.Debug|x64.Build.0 = Debug|Any CPU
		{3D285787-4AB9-4D21-8E48-3F49B7E7664F}.Debug|x86.ActiveCfg = Debug|Any CPU
		{3D285787-4AB9-4D21-8E48-3F49B7E7664F}.Debug|x86.Build.0 = Debug|Any CPU
		{3D285787-4AB9-4D21-8E48-3F49B7E7664F}.Publish|Any CPU.ActiveCfg = Release|Any CPU
		{3D285787-4AB9-4D21-8E48-3F49B7E7664F}.Publish|Any CPU.Build.0 = Release|Any CPU
		{3D285787-4AB9-4D21-8E48-3F49B7E7664F}.Publish|x64.ActiveCfg = Release|Any CPU
		{3D285787-4AB9-4D21-8E48-3F49B7E7664F}.Publish|x64.Build.0 = Release|Any CPU
		{3D285787-4AB9-4D21-8E48-3F49B7E7664F}.Publish|x86.ActiveCfg = Release|Any CPU
		{3D285787-4AB9-4D21-8E48-3F49B7E7664F}.Publish|x86.Build.0 = Release|Any CPU
		{3D285787-4AB9-4D21-8E48-3F49B7E7664F}.Release|Any CPU.ActiveCfg = Release|Any CPU
		{3D285787-4AB9-4D21-8E48-3F49B7E7664F}.Release|Any CPU.Build.0 = Release|Any CPU
		{3D285787-4AB9-4D21-8E48-3F49B7E7664F}.Release|x64.ActiveCfg = Release|Any CPU
		{3D285787-4AB9-4D21-8E48-3F49B7E7664F}.Release|x64.Build.0 = Release|Any CPU
		{3D285787-4AB9-4D21-8E48-3F49B7E7664F}.Release|x86.ActiveCfg = Release|Any CPU
		{3D285787-4AB9-4D21-8E48-3F49B7E7664F}.Release|x86.Build.0 = Release|Any CPU
		{210D8818-C1B9-4698-940F-770E5281C08D}.Debug|Any CPU.ActiveCfg = Debug|x86
		{210D8818-C1B9-4698-940F-770E5281C08D}.Debug|x64.ActiveCfg = Debug|x86
		{210D8818-C1B9-4698-940F-770E5281C08D}.Debug|x86.ActiveCfg = Debug|x86
		{210D8818-C1B9-4698-940F-770E5281C08D}.Debug|x86.Build.0 = Debug|x86
		{210D8818-C1B9-4698-940F-770E5281C08D}.Publish|Any CPU.ActiveCfg = Release|x86
		{210D8818-C1B9-4698-940F-770E5281C08D}.Publish|Any CPU.Build.0 = Release|x86
		{210D8818-C1B9-4698-940F-770E5281C08D}.Publish|x64.ActiveCfg = Release|x86
		{210D8818-C1B9-4698-940F-770E5281C08D}.Publish|x64.Build.0 = Release|x86
		{210D8818-C1B9-4698-940F-770E5281C08D}.Publish|x86.ActiveCfg = Release|x86
		{210D8818-C1B9-4698-940F-770E5281C08D}.Publish|x86.Build.0 = Release|x86
		{210D8818-C1B9-4698-940F-770E5281C08D}.Release|Any CPU.ActiveCfg = Release|x86
		{210D8818-C1B9-4698-940F-770E5281C08D}.Release|x64.ActiveCfg = Release|x86
		{210D8818-C1B9-4698-940F-770E5281C08D}.Release|x86.ActiveCfg = Release|x86
		{210D8818-C1B9-4698-940F-770E5281C08D}.Release|x86.Build.0 = Release|x86
		{22BE9E9A-02ED-4C41-B1E7-4194BA74FD95}.Debug|Any CPU.ActiveCfg = Debug|x86
		{22BE9E9A-02ED-4C41-B1E7-4194BA74FD95}.Debug|x64.ActiveCfg = Debug|x86
		{22BE9E9A-02ED-4C41-B1E7-4194BA74FD95}.Debug|x86.ActiveCfg = Debug|x86
		{22BE9E9A-02ED-4C41-B1E7-4194BA74FD95}.Debug|x86.Build.0 = Debug|x86
		{22BE9E9A-02ED-4C41-B1E7-4194BA74FD95}.Publish|Any CPU.ActiveCfg = Release|x86
		{22BE9E9A-02ED-4C41-B1E7-4194BA74FD95}.Publish|Any CPU.Build.0 = Release|x86
		{22BE9E9A-02ED-4C41-B1E7-4194BA74FD95}.Publish|x64.ActiveCfg = Release|x86
		{22BE9E9A-02ED-4C41-B1E7-4194BA74FD95}.Publish|x64.Build.0 = Release|x86
		{22BE9E9A-02ED-4C41-B1E7-4194BA74FD95}.Publish|x86.ActiveCfg = Release|x86
		{22BE9E9A-02ED-4C41-B1E7-4194BA74FD95}.Publish|x86.Build.0 = Release|x86
		{22BE9E9A-02ED-4C41-B1E7-4194BA74FD95}.Release|Any CPU.ActiveCfg = Release|x86
		{22BE9E9A-02ED-4C41-B1E7-4194BA74FD95}.Release|x64.ActiveCfg = Release|x86
		{22BE9E9A-02ED-4C41-B1E7-4194BA74FD95}.Release|x86.ActiveCfg = Release|x86
		{22BE9E9A-02ED-4C41-B1E7-4194BA74FD95}.Release|x86.Build.0 = Release|x86
		{71DB3E5F-9D5B-4AC0-8242-5F70852CE8C8}.Debug|Any CPU.ActiveCfg = Debug|Any CPU
		{71DB3E5F-9D5B-4AC0-8242-5F70852CE8C8}.Debug|Any CPU.Build.0 = Debug|Any CPU
		{71DB3E5F-9D5B-4AC0-8242-5F70852CE8C8}.Debug|x64.ActiveCfg = Debug|Any CPU
		{71DB3E5F-9D5B-4AC0-8242-5F70852CE8C8}.Debug|x64.Build.0 = Debug|Any CPU
		{71DB3E5F-9D5B-4AC0-8242-5F70852CE8C8}.Debug|x86.ActiveCfg = Debug|Any CPU
		{71DB3E5F-9D5B-4AC0-8242-5F70852CE8C8}.Debug|x86.Build.0 = Debug|Any CPU
		{71DB3E5F-9D5B-4AC0-8242-5F70852CE8C8}.Publish|Any CPU.ActiveCfg = Release|Any CPU
		{71DB3E5F-9D5B-4AC0-8242-5F70852CE8C8}.Publish|Any CPU.Build.0 = Release|Any CPU
		{71DB3E5F-9D5B-4AC0-8242-5F70852CE8C8}.Publish|x64.ActiveCfg = Release|Any CPU
		{71DB3E5F-9D5B-4AC0-8242-5F70852CE8C8}.Publish|x64.Build.0 = Release|Any CPU
		{71DB3E5F-9D5B-4AC0-8242-5F70852CE8C8}.Publish|x86.ActiveCfg = Release|Any CPU
		{71DB3E5F-9D5B-4AC0-8242-5F70852CE8C8}.Publish|x86.Build.0 = Release|Any CPU
		{71DB3E5F-9D5B-4AC0-8242-5F70852CE8C8}.Release|Any CPU.ActiveCfg = Release|Any CPU
		{71DB3E5F-9D5B-4AC0-8242-5F70852CE8C8}.Release|Any CPU.Build.0 = Release|Any CPU
		{71DB3E5F-9D5B-4AC0-8242-5F70852CE8C8}.Release|x64.ActiveCfg = Release|Any CPU
		{71DB3E5F-9D5B-4AC0-8242-5F70852CE8C8}.Release|x64.Build.0 = Release|Any CPU
		{71DB3E5F-9D5B-4AC0-8242-5F70852CE8C8}.Release|x86.ActiveCfg = Release|Any CPU
		{71DB3E5F-9D5B-4AC0-8242-5F70852CE8C8}.Release|x86.Build.0 = Release|Any CPU
		{AF4DBC8C-9E86-447D-8BA5-1AAAC79F5441}.Debug|Any CPU.ActiveCfg = Debug|Any CPU
		{AF4DBC8C-9E86-447D-8BA5-1AAAC79F5441}.Debug|Any CPU.Build.0 = Debug|Any CPU
		{AF4DBC8C-9E86-447D-8BA5-1AAAC79F5441}.Debug|x64.ActiveCfg = Debug|Any CPU
		{AF4DBC8C-9E86-447D-8BA5-1AAAC79F5441}.Debug|x64.Build.0 = Debug|Any CPU
		{AF4DBC8C-9E86-447D-8BA5-1AAAC79F5441}.Debug|x86.ActiveCfg = Debug|Any CPU
		{AF4DBC8C-9E86-447D-8BA5-1AAAC79F5441}.Debug|x86.Build.0 = Debug|Any CPU
		{AF4DBC8C-9E86-447D-8BA5-1AAAC79F5441}.Publish|Any CPU.ActiveCfg = Release|Any CPU
		{AF4DBC8C-9E86-447D-8BA5-1AAAC79F5441}.Publish|Any CPU.Build.0 = Release|Any CPU
		{AF4DBC8C-9E86-447D-8BA5-1AAAC79F5441}.Publish|x64.ActiveCfg = Release|Any CPU
		{AF4DBC8C-9E86-447D-8BA5-1AAAC79F5441}.Publish|x64.Build.0 = Release|Any CPU
		{AF4DBC8C-9E86-447D-8BA5-1AAAC79F5441}.Publish|x86.ActiveCfg = Release|Any CPU
		{AF4DBC8C-9E86-447D-8BA5-1AAAC79F5441}.Publish|x86.Build.0 = Release|Any CPU
		{AF4DBC8C-9E86-447D-8BA5-1AAAC79F5441}.Release|Any CPU.ActiveCfg = Release|Any CPU
		{AF4DBC8C-9E86-447D-8BA5-1AAAC79F5441}.Release|Any CPU.Build.0 = Release|Any CPU
		{AF4DBC8C-9E86-447D-8BA5-1AAAC79F5441}.Release|x64.ActiveCfg = Release|Any CPU
		{AF4DBC8C-9E86-447D-8BA5-1AAAC79F5441}.Release|x64.Build.0 = Release|Any CPU
		{AF4DBC8C-9E86-447D-8BA5-1AAAC79F5441}.Release|x86.ActiveCfg = Release|Any CPU
		{AF4DBC8C-9E86-447D-8BA5-1AAAC79F5441}.Release|x86.Build.0 = Release|Any CPU
	EndGlobalSection
	GlobalSection(SolutionProperties) = preSolution
		HideSolutionNode = FALSE
	EndGlobalSection
	GlobalSection(NestedProjects) = preSolution
		{16AE6A31-1305-4616-AB34-77A49434BD3A} = {6D329BA5-BB37-4C25-A423-ED54827D2600}
		{FEB2915B-E068-44E9-8F4F-1FD12C954C2D} = {6D329BA5-BB37-4C25-A423-ED54827D2600}
		{0017DA3B-5278-4503-9A40-36B6C1D46BAE} = {EA6E92E4-6874-427A-8486-870B4DDDF9A1}
		{C9967459-98B5-4D86-842A-F72D490B21F6} = {EA6E92E4-6874-427A-8486-870B4DDDF9A1}
		{3E00A39A-BBC4-4B43-8A5D-D2583F974FF4} = {EA6E92E4-6874-427A-8486-870B4DDDF9A1}
		{78F0CCB1-C344-4BE7-83C6-EE75DF3EFD4C} = {2F7304D2-E6E1-4423-A157-3331B8DB5080}
		{2AB9C7F5-10C3-4EBC-8991-788FF4D6B64E} = {2F7304D2-E6E1-4423-A157-3331B8DB5080}
		{A5152834-37D8-4195-9617-45FE09001E0C} = {2F7304D2-E6E1-4423-A157-3331B8DB5080}
		{3D285787-4AB9-4D21-8E48-3F49B7E7664F} = {2F7304D2-E6E1-4423-A157-3331B8DB5080}
		{210D8818-C1B9-4698-940F-770E5281C08D} = {7DAB38BE-65AD-4137-A926-E67265E93090}
		{22BE9E9A-02ED-4C41-B1E7-4194BA74FD95} = {7DAB38BE-65AD-4137-A926-E67265E93090}
		{71DB3E5F-9D5B-4AC0-8242-5F70852CE8C8} = {7DAB38BE-65AD-4137-A926-E67265E93090}
		{AF4DBC8C-9E86-447D-8BA5-1AAAC79F5441} = {EA6E92E4-6874-427A-8486-870B4DDDF9A1}
	EndGlobalSection
	GlobalSection(ExtensibilityGlobals) = postSolution
		SolutionGuid = {EAC2E5AA-F73A-4301-87B1-0A49A98CD79B}
		EnterpriseLibraryConfigurationToolBinariesPathV6 = packages\EnterpriseLibrary.Common.6.0.1304.0\lib\NET45;packages\EnterpriseLibrary.Logging.6.0.1304.0\lib\NET45
	EndGlobalSection
EndGlobal
